
Microsoft Visual Studio Solution File, Format Version 12.00
# Visual Studio 2013
VisualStudioVersion = 12.0.31101.0
MinimumVisualStudioVersion = 10.0.40219.1
Project("{FAE04EC0-301F-11D3-BF4B-00C04F79EFBC}") = "KinectTest2", "KinectTest2\KinectTest2.csproj", "{3413D253-316F-457A-9648-889912F64E0A}"
EndProject
Global
	GlobalSection(SolutionConfigurationPlatforms) = preSolution
		Debug|x86 = Debug|x86
		Release|x86 = Release|x86
	EndGlobalSection
	GlobalSection(ProjectConfigurationPlatforms) = postSolution
		{3413D253-316F-457A-9648-889912F64E0A}.Debug|x86.ActiveCfg = Debug|Any CPU
		{3413D253-316F-457A-9648-889912F64E0A}.Debug|x86.Build.0 = Debug|Any CPU
		{3413D253-316F-457A-9648-889912F64E0A}.Release|x86.ActiveCfg = Release|Any CPU
		{3413D253-316F-457A-9648-889912F64E0A}.Release|x86.Build.0 = Release|Any CPU
	EndGlobalSection
	GlobalSection(SolutionProperties) = preSolution
		HideSolutionNode = FALSE
	EndGlobalSection
EndGlobal
